// !$*UTF8*$!
{
	archiveVersion = 1;
	classes = {
	};
	objectVersion = 46;
	objects = {

/* Begin PBXBuildFile section */
		2E59D4FE1E265DDA004A0436 /* DataCell.m in Sources */ = {isa = PBXBuildFile; fileRef = 2E59D4FD1E265DDA004A0436 /* DataCell.m */; };
		2E93779A1E28ACE1006E2381 /* Facts.m in Sources */ = {isa = PBXBuildFile; fileRef = 2E9377951E28ACE1006E2381 /* Facts.m */; };
		2E93779B1E28ACE1006E2381 /* FactsRow.m in Sources */ = {isa = PBXBuildFile; fileRef = 2E9377971E28ACE1006E2381 /* FactsRow.m */; };
		2E93779C1E28ACE1006E2381 /* NetworkEngine.m in Sources */ = {isa = PBXBuildFile; fileRef = 2E9377991E28ACE1006E2381 /* NetworkEngine.m */; };
		2E9377DF1E28E710006E2381 /* SystemConfiguration.framework in Frameworks */ = {isa = PBXBuildFile; fileRef = 2E9377DE1E28E710006E2381 /* SystemConfiguration.framework */; };
		2E9377E51E28E8BC006E2381 /* Reachability.m in Sources */ = {isa = PBXBuildFile; fileRef = 2E9377E41E28E8BC006E2381 /* Reachability.m */; };
		2EC6332E1E26514F00A55797 /* main.m in Sources */ = {isa = PBXBuildFile; fileRef = 2EC6332D1E26514F00A55797 /* main.m */; };
		2EC633391E26514F00A55797 /* Assets.xcassets in Resources */ = {isa = PBXBuildFile; fileRef = 2EC633381E26514F00A55797 /* Assets.xcassets */; };
		2EC633461E2651C000A55797 /* AppDelegate.m in Sources */ = {isa = PBXBuildFile; fileRef = 2EC633451E2651C000A55797 /* AppDelegate.m */; };
		2EC6334A1E26542400A55797 /* DescriptionTableViewController.m in Sources */ = {isa = PBXBuildFile; fileRef = 2EC633491E26542400A55797 /* DescriptionTableViewController.m */; };
/* End PBXBuildFile section */

/* Begin PBXFileReference section */
		2E59D4FC1E265DDA004A0436 /* DataCell.h */ = {isa = PBXFileReference; fileEncoding = 4; lastKnownFileType = sourcecode.c.h; path = DataCell.h; sourceTree = "<group>"; };
		2E59D4FD1E265DDA004A0436 /* DataCell.m */ = {isa = PBXFileReference; fileEncoding = 4; lastKnownFileType = sourcecode.c.objc; path = DataCell.m; sourceTree = "<group>"; };
		2E9377941E28ACE1006E2381 /* Facts.h */ = {isa = PBXFileReference; fileEncoding = 4; lastKnownFileType = sourcecode.c.h; path = Facts.h; sourceTree = "<group>"; };
		2E9377951E28ACE1006E2381 /* Facts.m */ = {isa = PBXFileReference; fileEncoding = 4; lastKnownFileType = sourcecode.c.objc; path = Facts.m; sourceTree = "<group>"; };
		2E9377961E28ACE1006E2381 /* FactsRow.h */ = {isa = PBXFileReference; fileEncoding = 4; lastKnownFileType = sourcecode.c.h; path = FactsRow.h; sourceTree = "<group>"; };
		2E9377971E28ACE1006E2381 /* FactsRow.m */ = {isa = PBXFileReference; fileEncoding = 4; lastKnownFileType = sourcecode.c.objc; path = FactsRow.m; sourceTree = "<group>"; };
		2E9377981E28ACE1006E2381 /* NetworkEngine.h */ = {isa = PBXFileReference; fileEncoding = 4; lastKnownFileType = sourcecode.c.h; path = NetworkEngine.h; sourceTree = "<group>"; };
		2E9377991E28ACE1006E2381 /* NetworkEngine.m */ = {isa = PBXFileReference; fileEncoding = 4; lastKnownFileType = sourcecode.c.objc; path = NetworkEngine.m; sourceTree = "<group>"; };
		2E9377DE1E28E710006E2381 /* SystemConfiguration.framework */ = {isa = PBXFileReference; lastKnownFileType = wrapper.framework; name = SystemConfiguration.framework; path = System/Library/Frameworks/SystemConfiguration.framework; sourceTree = SDKROOT; };
		2E9377E31E28E8BC006E2381 /* Reachability.h */ = {isa = PBXFileReference; fileEncoding = 4; lastKnownFileType = sourcecode.c.h; path = Reachability.h; sourceTree = "<group>"; };
		2E9377E41E28E8BC006E2381 /* Reachability.m */ = {isa = PBXFileReference; fileEncoding = 4; lastKnownFileType = sourcecode.c.objc; path = Reachability.m; sourceTree = "<group>"; };
		2EC633291E26514F00A55797 /* iOS Proficiency Excercise.app */ = {isa = PBXFileReference; explicitFileType = wrapper.application; includeInIndex = 0; path = "iOS Proficiency Excercise.app"; sourceTree = BUILT_PRODUCTS_DIR; };
		2EC6332D1E26514F00A55797 /* main.m */ = {isa = PBXFileReference; lastKnownFileType = sourcecode.c.objc; path = main.m; sourceTree = "<group>"; };
		2EC633381E26514F00A55797 /* Assets.xcassets */ = {isa = PBXFileReference; lastKnownFileType = folder.assetcatalog; path = Assets.xcassets; sourceTree = "<group>"; };
		2EC6333D1E26514F00A55797 /* Info.plist */ = {isa = PBXFileReference; lastKnownFileType = text.plist.xml; path = Info.plist; sourceTree = "<group>"; };
		2EC633441E2651C000A55797 /* AppDelegate.h */ = {isa = PBXFileReference; fileEncoding = 4; lastKnownFileType = sourcecode.c.h; path = AppDelegate.h; sourceTree = "<group>"; };
		2EC633451E2651C000A55797 /* AppDelegate.m */ = {isa = PBXFileReference; fileEncoding = 4; lastKnownFileType = sourcecode.c.objc; path = AppDelegate.m; sourceTree = "<group>"; };
		2EC633481E26542400A55797 /* DescriptionTableViewController.h */ = {isa = PBXFileReference; fileEncoding = 4; lastKnownFileType = sourcecode.c.h; path = DescriptionTableViewController.h; sourceTree = "<group>"; };
		2EC633491E26542400A55797 /* DescriptionTableViewController.m */ = {isa = PBXFileReference; fileEncoding = 4; lastKnownFileType = sourcecode.c.objc; path = DescriptionTableViewController.m; sourceTree = "<group>"; };
/* End PBXFileReference section */

/* Begin PBXFrameworksBuildPhase section */
		2EC633261E26514F00A55797 /* Frameworks */ = {
			isa = PBXFrameworksBuildPhase;
			buildActionMask = 2147483647;
			files = (
				2E9377DF1E28E710006E2381 /* SystemConfiguration.framework in Frameworks */,
			);
			runOnlyForDeploymentPostprocessing = 0;
		};
/* End PBXFrameworksBuildPhase section */

/* Begin PBXGroup section */
		2E59D4FB1E265D86004A0436 /* TableViewDataCell */ = {
			isa = PBXGroup;
			children = (
				2E59D4FC1E265DDA004A0436 /* DataCell.h */,
				2E59D4FD1E265DDA004A0436 /* DataCell.m */,
			);
			path = TableViewDataCell;
			sourceTree = "<group>";
		};
		2E9377931E28ACE1006E2381 /* Models */ = {
			isa = PBXGroup;
			children = (
				2E9377941E28ACE1006E2381 /* Facts.h */,
				2E9377951E28ACE1006E2381 /* Facts.m */,
				2E9377961E28ACE1006E2381 /* FactsRow.h */,
				2E9377971E28ACE1006E2381 /* FactsRow.m */,
				2E9377981E28ACE1006E2381 /* NetworkEngine.h */,
				2E9377991E28ACE1006E2381 /* NetworkEngine.m */,
			);
			path = Models;
			sourceTree = "<group>";
		};
		2E9377E01E28E755006E2381 /* Frameworks */ = {
			isa = PBXGroup;
			children = (
				2E9377DE1E28E710006E2381 /* SystemConfiguration.framework */,
			);
			path = Frameworks;
			sourceTree = "<group>";
		};
		2E9377E11E28E80A006E2381 /* Supported Lib */ = {
			isa = PBXGroup;
			children = (
				2E9377E21E28E80A006E2381 /* Reachability */,
			);
			path = "Supported Lib";
			sourceTree = "<group>";
		};
		2E9377E21E28E80A006E2381 /* Reachability */ = {
			isa = PBXGroup;
			children = (
				2E9377E31E28E8BC006E2381 /* Reachability.h */,
				2E9377E41E28E8BC006E2381 /* Reachability.m */,
			);
			path = Reachability;
			sourceTree = "<group>";
		};
		2EC633201E26514F00A55797 = {
			isa = PBXGroup;
			children = (
				2EC6332B1E26514F00A55797 /* iOS Proficiency Excercise */,
				2EC6332A1E26514F00A55797 /* Products */,
			);
			sourceTree = "<group>";
		};
		2EC6332A1E26514F00A55797 /* Products */ = {
			isa = PBXGroup;
			children = (
				2EC633291E26514F00A55797 /* iOS Proficiency Excercise.app */,
			);
			name = Products;
			sourceTree = "<group>";
		};
		2EC6332B1E26514F00A55797 /* iOS Proficiency Excercise */ = {
			isa = PBXGroup;
			children = (
				2E9377931E28ACE1006E2381 /* Models */,
				2E59D4FB1E265D86004A0436 /* TableViewDataCell */,
				2EC633471E2653B700A55797 /* View Controllers */,
				2EC633431E2651C000A55797 /* Appdelegate */,
				2E9377E11E28E80A006E2381 /* Supported Lib */,
				2EC633381E26514F00A55797 /* Assets.xcassets */,
				2EC6333D1E26514F00A55797 /* Info.plist */,
				2E9377E01E28E755006E2381 /* Frameworks */,
				2EC6332C1E26514F00A55797 /* Supporting Files */,
			);
			path = "iOS Proficiency Excercise";
			sourceTree = "<group>";
		};
		2EC6332C1E26514F00A55797 /* Supporting Files */ = {
			isa = PBXGroup;
			children = (
				2EC6332D1E26514F00A55797 /* main.m */,
			);
			name = "Supporting Files";
			sourceTree = "<group>";
		};
		2EC633431E2651C000A55797 /* Appdelegate */ = {
			isa = PBXGroup;
			children = (
				2EC633441E2651C000A55797 /* AppDelegate.h */,
				2EC633451E2651C000A55797 /* AppDelegate.m */,
			);
			path = Appdelegate;
			sourceTree = "<group>";
		};
		2EC633471E2653B700A55797 /* View Controllers */ = {
			isa = PBXGroup;
			children = (
				2EC633481E26542400A55797 /* DescriptionTableViewController.h */,
				2EC633491E26542400A55797 /* DescriptionTableViewController.m */,
			);
			path = "View Controllers";
			sourceTree = "<group>";
		};
/* End PBXGroup section */

/* Begin PBXNativeTarget section */
		2EC633281E26514F00A55797 /* iOS Proficiency Excercise */ = {
			isa = PBXNativeTarget;
			buildConfigurationList = 2EC633401E26514F00A55797 /* Build configuration list for PBXNativeTarget "iOS Proficiency Excercise" */;
			buildPhases = (
				2EC633251E26514F00A55797 /* Sources */,
				2EC633261E26514F00A55797 /* Frameworks */,
				2EC633271E26514F00A55797 /* Resources */,
			);
			buildRules = (
			);
			dependencies = (
			);
			name = "iOS Proficiency Excercise";
			productName = "iOS Proficiency Excercise";
			productReference = 2EC633291E26514F00A55797 /* iOS Proficiency Excercise.app */;
			productType = "com.apple.product-type.application";
		};
/* End PBXNativeTarget section */

/* Begin PBXProject section */
		2EC633211E26514F00A55797 /* Project object */ = {
			isa = PBXProject;
			attributes = {
				LastUpgradeCheck = 0730;
				ORGANIZATIONNAME = Sanjeet;
				TargetAttributes = {
					2EC633281E26514F00A55797 = {
						CreatedOnToolsVersion = 7.3;
					};
				};
			};
			buildConfigurationList = 2EC633241E26514F00A55797 /* Build configuration list for PBXProject "iOS Proficiency Excercise" */;
			compatibilityVersion = "Xcode 3.2";
			developmentRegion = English;
			hasScannedForEncodings = 0;
			knownRegions = (
				en,
				Base,
			);
			mainGroup = 2EC633201E26514F00A55797;
			productRefGroup = 2EC6332A1E26514F00A55797 /* Products */;
			projectDirPath = "";
			projectRoot = "";
			targets = (
				2EC633281E26514F00A55797 /* iOS Proficiency Excercise */,
			);
		};
/* End PBXProject section */

/* Begin PBXResourcesBuildPhase section */
		2EC633271E26514F00A55797 /* Resources */ = {
			isa = PBXResourcesBuildPhase;
			buildActionMask = 2147483647;
			files = (
				2EC633391E26514F00A55797 /* Assets.xcassets in Resources */,
			);
			runOnlyForDeploymentPostprocessing = 0;
		};
/* End PBXResourcesBuildPhase section */

/* Begin PBXSourcesBuildPhase section */
		2EC633251E26514F00A55797 /* Sources */ = {
			isa = PBXSourcesBuildPhase;
			buildActionMask = 2147483647;
			files = (
				2E93779A1E28ACE1006E2381 /* Facts.m in Sources */,
				2EC633461E2651C000A55797 /* AppDelegate.m in Sources */,
				2E9377E51E28E8BC006E2381 /* Reachability.m in Sources */,
				2EC6334A1E26542400A55797 /* DescriptionTableViewController.m in Sources */,
				2E93779B1E28ACE1006E2381 /* FactsRow.m in Sources */,
				2EC6332E1E26514F00A55797 /* main.m in Sources */,
				2E93779C1E28ACE1006E2381 /* NetworkEngine.m in Sources */,
				2E59D4FE1E265DDA004A0436 /* DataCell.m in Sources */,
			);
			runOnlyForDeploymentPostprocessing = 0;
		};
/* End PBXSourcesBuildPhase section */

/* Begin XCBuildConfiguration section */
		2EC6333E1E26514F00A55797 /* Debug */ = {
			isa = XCBuildConfiguration;
			buildSettings = {
				ALWAYS_SEARCH_USER_PATHS = NO;
				CLANG_ANALYZER_NONNULL = YES;
				CLANG_CXX_LANGUAGE_STANDARD = "gnu++0x";
				CLANG_CXX_LIBRARY = "libc++";
				CLANG_ENABLE_MODULES = YES;
				CLANG_ENABLE_OBJC_ARC = YES;
				CLANG_WARN_BOOL_CONVERSION = YES;
				CLANG_WARN_CONSTANT_CONVERSION = YES;
				CLANG_WARN_DIRECT_OBJC_ISA_USAGE = YES_ERROR;
				CLANG_WARN_EMPTY_BODY = YES;
				CLANG_WARN_ENUM_CONVERSION = YES;
				CLANG_WARN_INT_CONVERSION = YES;
				CLANG_WARN_OBJC_ROOT_CLASS = YES_ERROR;
				CLANG_WARN_UNREACHABLE_CODE = YES;
				CLANG_WARN__DUPLICATE_METHOD_MATCH = YES;
				"CODE_SIGN_IDENTITY[sdk=iphoneos*]" = "iPhone Developer";
				COPY_PHASE_STRIP = NO;
				DEBUG_INFORMATION_FORMAT = dwarf;
				ENABLE_STRICT_OBJC_MSGSEND = YES;
				ENABLE_TESTABILITY = YES;
				GCC_C_LANGUAGE_STANDARD = gnu99;
				GCC_DYNAMIC_NO_PIC = NO;
				GCC_NO_COMMON_BLOCKS = YES;
				GCC_OPTIMIZATION_LEVEL = 0;
				GCC_PREPROCESSOR_DEFINITIONS = (
					"DEBUG=1",
					"$(inherited)",
				);
				GCC_WARN_64_TO_32_BIT_CONVERSION = YES;
				GCC_WARN_ABOUT_RETURN_TYPE = YES_ERROR;
				GCC_WARN_UNDECLARED_SELECTOR = YES;
				GCC_WARN_UNINITIALIZED_AUTOS = YES_AGGRESSIVE;
				GCC_WARN_UNUSED_FUNCTION = YES;
				GCC_WARN_UNUSED_VARIABLE = YES;
				IPHONEOS_DEPLOYMENT_TARGET = 9.3;
				MTL_ENABLE_DEBUG_INFO = YES;
				ONLY_ACTIVE_ARCH = YES;
				SDKROOT = iphoneos;
			};
			name = Debug;
		};
		2EC6333F1E26514F00A55797 /* Release */ = {
			isa = XCBuildConfiguration;
			buildSettings = {
				ALWAYS_SEARCH_USER_PATHS = NO;
				CLANG_ANALYZER_NONNULL = YES;
				CLANG_CXX_LANGUAGE_STANDARD = "gnu++0x";
				CLANG_CXX_LIBRARY = "libc++";
				CLANG_ENABLE_MODULES = YES;
				CLANG_ENABLE_OBJC_ARC = YES;
				CLANG_WARN_BOOL_CONVERSION = YES;
				CLANG_WARN_CONSTANT_CONVERSION = YES;
				CLANG_WARN_DIRECT_OBJC_ISA_USAGE = YES_ERROR;
				CLANG_WARN_EMPTY_BODY = YES;
				CLANG_WARN_ENUM_CONVERSION = YES;
				CLANG_WARN_INT_CONVERSION = YES;
				CLANG_WARN_OBJC_ROOT_CLASS = YES_ERROR;
				CLANG_WARN_UNREACHABLE_CODE = YES;
				CLANG_WARN__DUPLICATE_METHOD_MATCH = YES;
				"CODE_SIGN_IDENTITY[sdk=iphoneos*]" = "iPhone Developer";
				COPY_PHASE_STRIP = NO;
				DEBUG_INFORMATION_FORMAT = "dwarf-with-dsym";
				ENABLE_NS_ASSERTIONS = NO;
				ENABLE_STRICT_OBJC_MSGSEND = YES;
				GCC_C_LANGUAGE_STANDARD = gnu99;
				GCC_NO_COMMON_BLOCKS = YES;
				GCC_WARN_64_TO_32_BIT_CONVERSION = YES;
				GCC_WARN_ABOUT_RETURN_TYPE = YES_ERROR;
				GCC_WARN_UNDECLARED_SELECTOR = YES;
				GCC_WARN_UNINITIALIZED_AUTOS = YES_AGGRESSIVE;
				GCC_WARN_UNUSED_FUNCTION = YES;
				GCC_WARN_UNUSED_VARIABLE = YES;
				IPHONEOS_DEPLOYMENT_TARGET = 9.3;
				MTL_ENABLE_DEBUG_INFO = NO;
				SDKROOT = iphoneos;
				VALIDATE_PRODUCT = YES;
			};
			name = Release;
		};
		2EC633411E26514F00A55797 /* Debug */ = {
			isa = XCBuildConfiguration;
			buildSettings = {
				ASSETCATALOG_COMPILER_APPICON_NAME = AppIcon;
				ASSETCATALOG_COMPILER_LAUNCHIMAGE_NAME = LaunchScreen;
				INFOPLIST_FILE = "iOS Proficiency Excercise/Info.plist";
				LD_RUNPATH_SEARCH_PATHS = "$(inherited) @executable_path/Frameworks";
				PRODUCT_BUNDLE_IDENTIFIER = "infosys.iOS-Proficiency-Excercise";
				PRODUCT_NAME = "$(TARGET_NAME)";
				TARGETED_DEVICE_FAMILY = 1;
			};
			name = Debug;
		};
		2EC633421E26514F00A55797 /* Release */ = {
			isa = XCBuildConfiguration;
			buildSettings = {
				ASSETCATALOG_COMPILER_APPICON_NAME = AppIcon;
				ASSETCATALOG_COMPILER_LAUNCHIMAGE_NAME = LaunchScreen;
				INFOPLIST_FILE = "iOS Proficiency Excercise/Info.plist";
				LD_RUNPATH_SEARCH_PATHS = "$(inherited) @executable_path/Frameworks";
				PRODUCT_BUNDLE_IDENTIFIER = "infosys.iOS-Proficiency-Excercise";
				PRODUCT_NAME = "$(TARGET_NAME)";
				TARGETED_DEVICE_FAMILY = 1;
			};
			name = Release;
		};
/* End XCBuildConfiguration section */

/* Begin XCConfigurationList section */
		2EC633241E26514F00A55797 /* Build configuration list for PBXProject "iOS Proficiency Excercise" */ = {
			isa = XCConfigurationList;
			buildConfigurations = (
				2EC6333E1E26514F00A55797 /* Debug */,
				2EC6333F1E26514F00A55797 /* Release */,
			);
			defaultConfigurationIsVisible = 0;
			defaultConfigurationName = Release;
		};
		2EC633401E26514F00A55797 /* Build configuration list for PBXNativeTarget "iOS Proficiency Excercise" */ = {
			isa = XCConfigurationList;
			buildConfigurations = (
				2EC633411E26514F00A55797 /* Debug */,
				2EC633421E26514F00A55797 /* Release */,
			);
			defaultConfigurationIsVisible = 0;
			defaultConfigurationName = Release;
		};
/* End XCConfigurationList section */
	};
	rootObject = 2EC633211E26514F00A55797 /* Project object */;
}
